github.com/nithishgwd/employee_Module v1.0.0 h1:Ym5NSwATpC4PRp+LawKlyRZ7qUVkYQPmqghsJAH1RN4=
github.com/nithishgwd/employee_Module v1.0.0/go.mod h1:bzSWgCORPWb67wPRiNSdaJpRQdb4aRdxAxZiMAb8sbI=
github.com/nithishgwd/office_module v1.0.1 h1:AT0Ky305H0Sc9142KvYo2MsnkkJwPDuBWGH+FYXHfCM=
github.com/nithishgwd/office_module v1.0.1/go.mod h1:T8FrEOFTY9xoCNwSpX5RUW2gNRUppOeFIq5Pfdt0PH8=
github.com/nithishgwd/office_module v1.0.2 h1:ta93mGNZdqEDP4kANLAKGfpp9jXGl5H34K8oq0fFeqI=
github.com/nithishgwd/office_module v1.0.2/go.mod h1:T8FrEOFTY9xoCNwSpX5RUW2gNRUppOeFIq5Pfdt0PH8=
github.com/nithishgwd/team_module v1.0.1 h1:BJ9dw+IIPpv50Se528a3L1k1DGrW8kXcG0ch8pdHhfM=
github.com/nithishgwd/team_module v1.0.1/go.mod h1:pY2TFyi6puPBhmpIpwtndm4O5OtnABfiCFB3YVHRiEc=
